
Microsoft Visual Studio Solution File, Format Version 12.00
# Visual Studio Version 17
VisualStudioVersion = 17.4.33110.190
MinimumVisualStudioVersion = 10.0.40219.1
Project("{FAE04EC0-301F-11D3-BF4B-00C04F79EFBC}") = "E_store", "E_store\E_store.csproj", "{938F8B39-AB8B-4074-9091-A3F04D0F7118}"
EndProject
Project("{FAE04EC0-301F-11D3-BF4B-00C04F79EFBC}") = "DAL", "DAL\DAL.csproj", "{A9BD1098-CC9B-45F5-BD28-7C6357CE220D}"
EndProject
Global
	GlobalSection(SolutionConfigurationPlatforms) = preSolution
		Debug|Any CPU = Debug|Any CPU
		Release|Any CPU = Release|Any CPU
	EndGlobalSection
	GlobalSection(ProjectConfigurationPlatforms) = postSolution
		{938F8B39-AB8B-4074-9091-A3F04D0F7118}.Debug|Any CPU.ActiveCfg = Debug|Any CPU
		{938F8B39-AB8B-4074-9091-A3F04D0F7118}.Debug|Any CPU.Build.0 = Debug|Any CPU
		{938F8B39-AB8B-4074-9091-A3F04D0F7118}.Release|Any CPU.ActiveCfg = Release|Any CPU
		{938F8B39-AB8B-4074-9091-A3F04D0F7118}.Release|Any CPU.Build.0 = Release|Any CPU
		{A9BD1098-CC9B-45F5-BD28-7C6357CE220D}.Debug|Any CPU.ActiveCfg = Debug|Any CPU
		{A9BD1098-CC9B-45F5-BD28-7C6357CE220D}.Debug|Any CPU.Build.0 = Debug|Any CPU
		{A9BD1098-CC9B-45F5-BD28-7C6357CE220D}.Release|Any CPU.ActiveCfg = Release|Any CPU
		{A9BD1098-CC9B-45F5-BD28-7C6357CE220D}.Release|Any CPU.Build.0 = Release|Any CPU
	EndGlobalSection
	GlobalSection(SolutionProperties) = preSolution
		HideSolutionNode = FALSE
	EndGlobalSection
	GlobalSection(ExtensibilityGlobals) = postSolution
		SolutionGuid = {21885871-6F39-4647-84D7-69D0500F2E47}
	EndGlobalSection
EndGlobal
